// !$*UTF8*$!
{
	archiveVersion = 1;
	classes = {
	};
	objectVersion = 46;
	objects = {

/* Begin PBXBuildFile section */
		138A83781B8F95D3009AAE88 /* AppDelegate.swift in Sources */ = {isa = PBXBuildFile; fileRef = 138A83771B8F95D3009AAE88 /* AppDelegate.swift */; };
		138A837A1B8F95D3009AAE88 /* ViewController.swift in Sources */ = {isa = PBXBuildFile; fileRef = 138A83791B8F95D3009AAE88 /* ViewController.swift */; };
		138A837D1B8F95D3009AAE88 /* Main.storyboard in Resources */ = {isa = PBXBuildFile; fileRef = 138A837B1B8F95D3009AAE88 /* Main.storyboard */; };
		138A837F1B8F95D3009AAE88 /* Assets.xcassets in Resources */ = {isa = PBXBuildFile; fileRef = 138A837E1B8F95D3009AAE88 /* Assets.xcassets */; };
		138A83821B8F95D3009AAE88 /* LaunchScreen.storyboard in Resources */ = {isa = PBXBuildFile; fileRef = 138A83801B8F95D3009AAE88 /* LaunchScreen.storyboard */; };
		138A838D1B8F95D3009AAE88 /* IkrTests.swift in Sources */ = {isa = PBXBuildFile; fileRef = 138A838C1B8F95D3009AAE88 /* IkrTests.swift */; };
		138A83981B8F95D3009AAE88 /* IkrUITests.swift in Sources */ = {isa = PBXBuildFile; fileRef = 138A83971B8F95D3009AAE88 /* IkrUITests.swift */; };
/* End PBXBuildFile section */

/* Begin PBXContainerItemProxy section */
		138A83891B8F95D3009AAE88 /* PBXContainerItemProxy */ = {
			isa = PBXContainerItemProxy;
			containerPortal = 138A836C1B8F95D3009AAE88 /* Project object */;
			proxyType = 1;
			remoteGlobalIDString = 138A83731B8F95D3009AAE88;
			remoteInfo = Ikr;
		};
		138A83941B8F95D3009AAE88 /* PBXContainerItemProxy */ = {
			isa = PBXContainerItemProxy;
			containerPortal = 138A836C1B8F95D3009AAE88 /* Project object */;
			proxyType = 1;
			remoteGlobalIDString = 138A83731B8F95D3009AAE88;
			remoteInfo = Ikr;
		};
/* End PBXContainerItemProxy section */

/* Begin PBXFileReference section */
		138A83741B8F95D3009AAE88 /* Ikr.app */ = {isa = PBXFileReference; explicitFileType = wrapper.application; includeInIndex = 0; path = Ikr.app; sourceTree = BUILT_PRODUCTS_DIR; };
		138A83771B8F95D3009AAE88 /* AppDelegate.swift */ = {isa = PBXFileReference; lastKnownFileType = sourcecode.swift; path = AppDelegate.swift; sourceTree = "<group>"; };
		138A83791B8F95D3009AAE88 /* ViewController.swift */ = {isa = PBXFileReference; lastKnownFileType = sourcecode.swift; path = ViewController.swift; sourceTree = "<group>"; };
		138A837C1B8F95D3009AAE88 /* Base */ = {isa = PBXFileReference; lastKnownFileType = file.storyboard; name = Base; path = Base.lproj/Main.storyboard; sourceTree = "<group>"; };
		138A837E1B8F95D3009AAE88 /* Assets.xcassets */ = {isa = PBXFileReference; lastKnownFileType = folder.assetcatalog; path = Assets.xcassets; sourceTree = "<group>"; };
		138A83811B8F95D3009AAE88 /* Base */ = {isa = PBXFileReference; lastKnownFileType = file.storyboard; name = Base; path = Base.lproj/LaunchScreen.storyboard; sourceTree = "<group>"; };
		138A83831B8F95D3009AAE88 /* Info.plist */ = {isa = PBXFileReference; lastKnownFileType = text.plist.xml; path = Info.plist; sourceTree = "<group>"; };
		138A83881B8F95D3009AAE88 /* IkrTests.xctest */ = {isa = PBXFileReference; explicitFileType = wrapper.cfbundle; includeInIndex = 0; path = IkrTests.xctest; sourceTree = BUILT_PRODUCTS_DIR; };
		138A838C1B8F95D3009AAE88 /* IkrTests.swift */ = {isa = PBXFileReference; lastKnownFileType = sourcecode.swift; path = IkrTests.swift; sourceTree = "<group>"; };
		138A838E1B8F95D3009AAE88 /* Info.plist */ = {isa = PBXFileReference; lastKnownFileType = text.plist.xml; path = Info.plist; sourceTree = "<group>"; };
		138A83931B8F95D3009AAE88 /* IkrUITests.xctest */ = {isa = PBXFileReference; explicitFileType = wrapper.cfbundle; includeInIndex = 0; path = IkrUITests.xctest; sourceTree = BUILT_PRODUCTS_DIR; };
		138A83971B8F95D3009AAE88 /* IkrUITests.swift */ = {isa = PBXFileReference; lastKnownFileType = sourcecode.swift; path = IkrUITests.swift; sourceTree = "<group>"; };
		138A83991B8F95D3009AAE88 /* Info.plist */ = {isa = PBXFileReference; lastKnownFileType = text.plist.xml; path = Info.plist; sourceTree = "<group>"; };
/* End PBXFileReference section */

/* Begin PBXFrameworksBuildPhase section */
		138A83711B8F95D3009AAE88 /* Frameworks */ = {
			isa = PBXFrameworksBuildPhase;
			buildActionMask = 2147483647;
			files = (
			);
			runOnlyForDeploymentPostprocessing = 0;
		};
		138A83851B8F95D3009AAE88 /* Frameworks */ = {
			isa = PBXFrameworksBuildPhase;
			buildActionMask = 2147483647;
			files = (
			);
			runOnlyForDeploymentPostprocessing = 0;
		};
		138A83901B8F95D3009AAE88 /* Frameworks */ = {
			isa = PBXFrameworksBuildPhase;
			buildActionMask = 2147483647;
			files = (
			);
			runOnlyForDeploymentPostprocessing = 0;
		};
/* End PBXFrameworksBuildPhase section */

/* Begin PBXGroup section */
		138A836B1B8F95D3009AAE88 = {
			isa = PBXGroup;
			children = (
				138A83761B8F95D3009AAE88 /* Ikr */,
				138A838B1B8F95D3009AAE88 /* IkrTests */,
				138A83961B8F95D3009AAE88 /* IkrUITests */,
				138A83751B8F95D3009AAE88 /* Products */,
			);
			sourceTree = "<group>";
		};
		138A83751B8F95D3009AAE88 /* Products */ = {
			isa = PBXGroup;
			children = (
				138A83741B8F95D3009AAE88 /* Ikr.app */,
				138A83881B8F95D3009AAE88 /* IkrTests.xctest */,
				138A83931B8F95D3009AAE88 /* IkrUITests.xctest */,
			);
			name = Products;
			sourceTree = "<group>";
		};
		138A83761B8F95D3009AAE88 /* Ikr */ = {
			isa = PBXGroup;
			children = (
				138A83771B8F95D3009AAE88 /* AppDelegate.swift */,
				138A83791B8F95D3009AAE88 /* ViewController.swift */,
				138A837B1B8F95D3009AAE88 /* Main.storyboard */,
				138A837E1B8F95D3009AAE88 /* Assets.xcassets */,
				138A83801B8F95D3009AAE88 /* LaunchScreen.storyboard */,
				138A83831B8F95D3009AAE88 /* Info.plist */,
			);
			path = Ikr;
			sourceTree = "<group>";
		};
		138A838B1B8F95D3009AAE88 /* IkrTests */ = {
			isa = PBXGroup;
			children = (
				138A838C1B8F95D3009AAE88 /* IkrTests.swift */,
				138A838E1B8F95D3009AAE88 /* Info.plist */,
			);
			path = IkrTests;
			sourceTree = "<group>";
		};
		138A83961B8F95D3009AAE88 /* IkrUITests */ = {
			isa = PBXGroup;
			children = (
				138A83971B8F95D3009AAE88 /* IkrUITests.swift */,
				138A83991B8F95D3009AAE88 /* Info.plist */,
			);
			path = IkrUITests;
			sourceTree = "<group>";
		};
/* End PBXGroup section */

/* Begin PBXNativeTarget section */
		138A83731B8F95D3009AAE88 /* Ikr */ = {
			isa = PBXNativeTarget;
			buildConfigurationList = 138A839C1B8F95D3009AAE88 /* Build configuration list for PBXNativeTarget "Ikr" */;
			buildPhases = (
				138A83701B8F95D3009AAE88 /* Sources */,
				138A83711B8F95D3009AAE88 /* Frameworks */,
				138A83721B8F95D3009AAE88 /* Resources */,
			);
			buildRules = (
			);
			dependencies = (
			);
			name = Ikr;
			productName = Ikr;
			productReference = 138A83741B8F95D3009AAE88 /* Ikr.app */;
			productType = "com.apple.product-type.application";
		};
		138A83871B8F95D3009AAE88 /* IkrTests */ = {
			isa = PBXNativeTarget;
			buildConfigurationList = 138A839F1B8F95D3009AAE88 /* Build configuration list for PBXNativeTarget "IkrTests" */;
			buildPhases = (
				138A83841B8F95D3009AAE88 /* Sources */,
				138A83851B8F95D3009AAE88 /* Frameworks */,
				138A83861B8F95D3009AAE88 /* Resources */,
			);
			buildRules = (
			);
			dependencies = (
				138A838A1B8F95D3009AAE88 /* PBXTargetDependency */,
			);
			name = IkrTests;
			productName = IkrTests;
			productReference = 138A83881B8F95D3009AAE88 /* IkrTests.xctest */;
			productType = "com.apple.product-type.bundle.unit-test";
		};
		138A83921B8F95D3009AAE88 /* IkrUITests */ = {
			isa = PBXNativeTarget;
			buildConfigurationList = 138A83A21B8F95D3009AAE88 /* Build configuration list for PBXNativeTarget "IkrUITests" */;
			buildPhases = (
				138A838F1B8F95D3009AAE88 /* Sources */,
				138A83901B8F95D3009AAE88 /* Frameworks */,
				138A83911B8F95D3009AAE88 /* Resources */,
			);
			buildRules = (
			);
			dependencies = (
				138A83951B8F95D3009AAE88 /* PBXTargetDependency */,
			);
			name = IkrUITests;
			productName = IkrUITests;
			productReference = 138A83931B8F95D3009AAE88 /* IkrUITests.xctest */;
			productType = "com.apple.product-type.bundle.ui-testing";
		};
/* End PBXNativeTarget section */

/* Begin PBXProject section */
		138A836C1B8F95D3009AAE88 /* Project object */ = {
			isa = PBXProject;
			attributes = {
				LastUpgradeCheck = 0700;
				ORGANIZATIONNAME = "Simon Narang";
				TargetAttributes = {
					138A83731B8F95D3009AAE88 = {
						CreatedOnToolsVersion = 7.0;
						DevelopmentTeam = RNPQ279435;
					};
					138A83871B8F95D3009AAE88 = {
						CreatedOnToolsVersion = 7.0;
						TestTargetID = 138A83731B8F95D3009AAE88;
					};
					138A83921B8F95D3009AAE88 = {
						CreatedOnToolsVersion = 7.0;
						TestTargetID = 138A83731B8F95D3009AAE88;
					};
				};
			};
			buildConfigurationList = 138A836F1B8F95D3009AAE88 /* Build configuration list for PBXProject "Ikr" */;
			compatibilityVersion = "Xcode 3.2";
			developmentRegion = English;
			hasScannedForEncodings = 0;
			knownRegions = (
				en,
				Base,
			);
			mainGroup = 138A836B1B8F95D3009AAE88;
			productRefGroup = 138A83751B8F95D3009AAE88 /* Products */;
			projectDirPath = "";
			projectRoot = "";
			targets = (
				138A83731B8F95D3009AAE88 /* Ikr */,
				138A83871B8F95D3009AAE88 /* IkrTests */,
				138A83921B8F95D3009AAE88 /* IkrUITests */,
			);
		};
/* End PBXProject section */

/* Begin PBXResourcesBuildPhase section */
		138A83721B8F95D3009AAE88 /* Resources */ = {
			isa = PBXResourcesBuildPhase;
			buildActionMask = 2147483647;
			files = (
				138A83821B8F95D3009AAE88 /* LaunchScreen.storyboard in Resources */,
				138A837F1B8F95D3009AAE88 /* Assets.xcassets in Resources */,
				138A837D1B8F95D3009AAE88 /* Main.storyboard in Resources */,
			);
			runOnlyForDeploymentPostprocessing = 0;
		};
		138A83861B8F95D3009AAE88 /* Resources */ = {
			isa = PBXResourcesBuildPhase;
			buildActionMask = 2147483647;
			files = (
			);
			runOnlyForDeploymentPostprocessing = 0;
		};
		138A83911B8F95D3009AAE88 /* Resources */ = {
			isa = PBXResourcesBuildPhase;
			buildActionMask = 2147483647;
			files = (
			);
			runOnlyForDeploymentPostprocessing = 0;
		};
/* End PBXResourcesBuildPhase section */

/* Begin PBXSourcesBuildPhase section */
		138A83701B8F95D3009AAE88 /* Sources */ = {
			isa = PBXSourcesBuildPhase;
			buildActionMask = 2147483647;
			files = (
				138A837A1B8F95D3009AAE88 /* ViewController.swift in Sources */,
				138A83781B8F95D3009AAE88 /* AppDelegate.swift in Sources */,
			);
			runOnlyForDeploymentPostprocessing = 0;
		};
		138A83841B8F95D3009AAE88 /* Sources */ = {
			isa = PBXSourcesBuildPhase;
			buildActionMask = 2147483647;
			files = (
				138A838D1B8F95D3009AAE88 /* IkrTests.swift in Sources */,
			);
			runOnlyForDeploymentPostprocessing = 0;
		};
		138A838F1B8F95D3009AAE88 /* Sources */ = {
			isa = PBXSourcesBuildPhase;
			buildActionMask = 2147483647;
			files = (
				138A83981B8F95D3009AAE88 /* IkrUITests.swift in Sources */,
			);
			runOnlyForDeploymentPostprocessing = 0;
		};
/* End PBXSourcesBuildPhase section */

/* Begin PBXTargetDependency section */
		138A838A1B8F95D3009AAE88 /* PBXTargetDependency */ = {
			isa = PBXTargetDependency;
			target = 138A83731B8F95D3009AAE88 /* Ikr */;
			targetProxy = 138A83891B8F95D3009AAE88 /* PBXContainerItemProxy */;
		};
		138A83951B8F95D3009AAE88 /* PBXTargetDependency */ = {
			isa = PBXTargetDependency;
			target = 138A83731B8F95D3009AAE88 /* Ikr */;
			targetProxy = 138A83941B8F95D3009AAE88 /* PBXContainerItemProxy */;
		};
/* End PBXTargetDependency section */

/* Begin PBXVariantGroup section */
		138A837B1B8F95D3009AAE88 /* Main.storyboard */ = {
			isa = PBXVariantGroup;
			children = (
				138A837C1B8F95D3009AAE88 /* Base */,
			);
			name = Main.storyboard;
			sourceTree = "<group>";
		};
		138A83801B8F95D3009AAE88 /* LaunchScreen.storyboard */ = {
			isa = PBXVariantGroup;
			children = (
				138A83811B8F95D3009AAE88 /* Base */,
			);
			name = LaunchScreen.storyboard;
			sourceTree = "<group>";
		};
/* End PBXVariantGroup section */

/* Begin XCBuildConfiguration section */
		138A839A1B8F95D3009AAE88 /* Debug */ = {
			isa = XCBuildConfiguration;
			buildSettings = {
				ALWAYS_SEARCH_USER_PATHS = NO;
				CLANG_CXX_LANGUAGE_STANDARD = "gnu++0x";
				CLANG_CXX_LIBRARY = "libc++";
				CLANG_ENABLE_MODULES = YES;
				CLANG_ENABLE_OBJC_ARC = YES;
				CLANG_WARN_BOOL_CONVERSION = YES;
				CLANG_WARN_CONSTANT_CONVERSION = YES;
				CLANG_WARN_DIRECT_OBJC_ISA_USAGE = YES_ERROR;
				CLANG_WARN_EMPTY_BODY = YES;
				CLANG_WARN_ENUM_CONVERSION = YES;
				CLANG_WARN_INT_CONVERSION = YES;
				CLANG_WARN_OBJC_ROOT_CLASS = YES_ERROR;
				CLANG_WARN_UNREACHABLE_CODE = YES;
				CLANG_WARN__DUPLICATE_METHOD_MATCH = YES;
				"CODE_SIGN_IDENTITY[sdk=iphoneos*]" = "iPhone Developer";
				COPY_PHASE_STRIP = NO;
				DEBUG_INFORMATION_FORMAT = dwarf;
				ENABLE_STRICT_OBJC_MSGSEND = YES;
				ENABLE_TESTABILITY = YES;
				GCC_C_LANGUAGE_STANDARD = gnu99;
				GCC_DYNAMIC_NO_PIC = NO;
				GCC_NO_COMMON_BLOCKS = YES;
				GCC_OPTIMIZATION_LEVEL = 0;
				GCC_PREPROCESSOR_DEFINITIONS = (
					"DEBUG=1",
					"$(inherited)",
				);
				GCC_WARN_64_TO_32_BIT_CONVERSION = YES;
				GCC_WARN_ABOUT_RETURN_TYPE = YES_ERROR;
				GCC_WARN_UNDECLARED_SELECTOR = YES;
				GCC_WARN_UNINITIALIZED_AUTOS = YES_AGGRESSIVE;
				GCC_WARN_UNUSED_FUNCTION = YES;
				GCC_WARN_UNUSED_VARIABLE = YES;
				IPHONEOS_DEPLOYMENT_TARGET = 9.0;
				MTL_ENABLE_DEBUG_INFO = YES;
				ONLY_ACTIVE_ARCH = YES;
				SDKROOT = iphoneos;
				SWIFT_OPTIMIZATION_LEVEL = "-Onone";
				TARGETED_DEVICE_FAMILY = "1,2";
			};
			name = Debug;
		};
		138A839B1B8F95D3009AAE88 /* Release */ = {
			isa = XCBuildConfiguration;
			buildSettings = {
				ALWAYS_SEARCH_USER_PATHS = NO;
				CLANG_CXX_LANGUAGE_STANDARD = "gnu++0x";
				CLANG_CXX_LIBRARY = "libc++";
				CLANG_ENABLE_MODULES = YES;
				CLANG_ENABLE_OBJC_ARC = YES;
				CLANG_WARN_BOOL_CONVERSION = YES;
				CLANG_WARN_CONSTANT_CONVERSION = YES;
				CLANG_WARN_DIRECT_OBJC_ISA_USAGE = YES_ERROR;
				CLANG_WARN_EMPTY_BODY = YES;
				CLANG_WARN_ENUM_CONVERSION = YES;
				CLANG_WARN_INT_CONVERSION = YES;
				CLANG_WARN_OBJC_ROOT_CLASS = YES_ERROR;
				CLANG_WARN_UNREACHABLE_CODE = YES;
				CLANG_WARN__DUPLICATE_METHOD_MATCH = YES;
				"CODE_SIGN_IDENTITY[sdk=iphoneos*]" = "iPhone Developer";
				COPY_PHASE_STRIP = NO;
				DEBUG_INFORMATION_FORMAT = "dwarf-with-dsym";
				ENABLE_NS_ASSERTIONS = NO;
				ENABLE_STRICT_OBJC_MSGSEND = YES;
				GCC_C_LANGUAGE_STANDARD = gnu99;
				GCC_NO_COMMON_BLOCKS = YES;
				GCC_WARN_64_TO_32_BIT_CONVERSION = YES;
				GCC_WARN_ABOUT_RETURN_TYPE = YES_ERROR;
				GCC_WARN_UNDECLARED_SELECTOR = YES;
				GCC_WARN_UNINITIALIZED_AUTOS = YES_AGGRESSIVE;
				GCC_WARN_UNUSED_FUNCTION = YES;
				GCC_WARN_UNUSED_VARIABLE = YES;
				IPHONEOS_DEPLOYMENT_TARGET = 9.0;
				MTL_ENABLE_DEBUG_INFO = NO;
				SDKROOT = iphoneos;
				TARGETED_DEVICE_FAMILY = "1,2";
				VALIDATE_PRODUCT = YES;
			};
			name = Release;
		};
		138A839D1B8F95D3009AAE88 /* Debug */ = {
			isa = XCBuildConfiguration;
			buildSettings = {
				ASSETCATALOG_COMPILER_APPICON_NAME = AppIcon;
				CODE_SIGN_IDENTITY = "iPhone Developer";
				INFOPLIST_FILE = Ikr/Info.plist;
				IPHONEOS_DEPLOYMENT_TARGET = 9.1;
				LD_RUNPATH_SEARCH_PATHS = "$(inherited) @executable_path/Frameworks";
				PRODUCT_BUNDLE_IDENTIFIER = com.Ikr;
				PRODUCT_NAME = "$(TARGET_NAME)";
			};
			name = Debug;
		};
		138A839E1B8F95D3009AAE88 /* Release */ = {
			isa = XCBuildConfiguration;
			buildSettings = {
				ASSETCATALOG_COMPILER_APPICON_NAME = AppIcon;
				CODE_SIGN_IDENTITY = "iPhone Developer";
				INFOPLIST_FILE = Ikr/Info.plist;
				IPHONEOS_DEPLOYMENT_TARGET = 9.1;
				LD_RUNPATH_SEARCH_PATHS = "$(inherited) @executable_path/Frameworks";
				PRODUCT_BUNDLE_IDENTIFIER = com.Ikr;
				PRODUCT_NAME = "$(TARGET_NAME)";
			};
			name = Release;
		};
		138A83A01B8F95D3009AAE88 /* Debug */ = {
			isa = XCBuildConfiguration;
			buildSettings = {
				BUNDLE_LOADER = "$(TEST_HOST)";
				INFOPLIST_FILE = IkrTests/Info.plist;
				LD_RUNPATH_SEARCH_PATHS = "$(inherited) @executable_path/Frameworks @loader_path/Frameworks";
				PRODUCT_BUNDLE_IDENTIFIER = com.IkrTests;
				PRODUCT_NAME = "$(TARGET_NAME)";
				TEST_HOST = "$(BUILT_PRODUCTS_DIR)/Ikr.app/Ikr";
			};
			name = Debug;
		};
		138A83A11B8F95D3009AAE88 /* Release */ = {
			isa = XCBuildConfiguration;
			buildSettings = {
				BUNDLE_LOADER = "$(TEST_HOST)";
				INFOPLIST_FILE = IkrTests/Info.plist;
				LD_RUNPATH_SEARCH_PATHS = "$(inherited) @executable_path/Frameworks @loader_path/Frameworks";
				PRODUCT_BUNDLE_IDENTIFIER = com.IkrTests;
				PRODUCT_NAME = "$(TARGET_NAME)";
				TEST_HOST = "$(BUILT_PRODUCTS_DIR)/Ikr.app/Ikr";
			};
			name = Release;
		};
		138A83A31B8F95D3009AAE88 /* Debug */ = {
			isa = XCBuildConfiguration;
			buildSettings = {
				INFOPLIST_FILE = IkrUITests/Info.plist;
				LD_RUNPATH_SEARCH_PATHS = "$(inherited) @executable_path/Frameworks @loader_path/Frameworks";
				PRODUCT_BUNDLE_IDENTIFIER = com.IkrUITests;
				PRODUCT_NAME = "$(TARGET_NAME)";
				TEST_TARGET_NAME = Ikr;
				USES_XCTRUNNER = YES;
			};
			name = Debug;
		};
		138A83A41B8F95D3009AAE88 /* Release */ = {
			isa = XCBuildConfiguration;
			buildSettings = {
				INFOPLIST_FILE = IkrUITests/Info.plist;
				LD_RUNPATH_SEARCH_PATHS = "$(inherited) @executable_path/Frameworks @loader_path/Frameworks";
				PRODUCT_BUNDLE_IDENTIFIER = com.IkrUITests;
				PRODUCT_NAME = "$(TARGET_NAME)";
				TEST_TARGET_NAME = Ikr;
				USES_XCTRUNNER = YES;
			};
			name = Release;
		};
/* End XCBuildConfiguration section */

/* Begin XCConfigurationList section */
		138A836F1B8F95D3009AAE88 /* Build configuration list for PBXProject "Ikr" */ = {
			isa = XCConfigurationList;
			buildConfigurations = (
				138A839A1B8F95D3009AAE88 /* Debug */,
				138A839B1B8F95D3009AAE88 /* Release */,
			);
			defaultConfigurationIsVisible = 0;
			defaultConfigurationName = Release;
		};
		138A839C1B8F95D3009AAE88 /* Build configuration list for PBXNativeTarget "Ikr" */ = {
			isa = XCConfigurationList;
			buildConfigurations = (
				138A839D1B8F95D3009AAE88 /* Debug */,
				138A839E1B8F95D3009AAE88 /* Release */,
			);
			defaultConfigurationIsVisible = 0;
			defaultConfigurationName = Release;
		};
		138A839F1B8F95D3009AAE88 /* Build configuration list for PBXNativeTarget "IkrTests" */ = {
			isa = XCConfigurationList;
			buildConfigurations = (
				138A83A01B8F95D3009AAE88 /* Debug */,
				138A83A11B8F95D3009AAE88 /* Release */,
			);
			defaultConfigurationIsVisible = 0;
			defaultConfigurationName = Release;
		};
		138A83A21B8F95D3009AAE88 /* Build configuration list for PBXNativeTarget "IkrUITests" */ = {
			isa = XCConfigurationList;
			buildConfigurations = (
				138A83A31B8F95D3009AAE88 /* Debug */,
				138A83A41B8F95D3009AAE88 /* Release */,
			);
			defaultConfigurationIsVisible = 0;
			defaultConfigurationName = Release;
		};
/* End XCConfigurationList section */
	};
	rootObject = 138A836C1B8F95D3009AAE88 /* Project object */;
}
